{
  "name": "ai-pr-review-codegraph-runtime",
  "lockfileVersion": 3,
  "requires": true,
  "packages": {
    "": {
      "name": "ai-pr-review-codegraph-runtime",
      "dependencies": {
        "@colbymchenry/codegraph": "1.6.1"
      }
    },
    "node_modules/@colbymchenry/codegraph": {
      "version": "1.6.1",
      "resolved": "https://registry.npmjs.org/@colbymchenry/codegraph/-/codegraph-1.6.1.tgz",
      "integrity": "sha512-kdyJ7Y9Q7oAMioThrNlRvm/23JRMMTlfydqsUx07eYK6EZIKlOLPgX9yA/h0TGaorQ6sWkrvzqocpoY7DgFUQw==",
      "license": "MIT",
      "bin": {
        "codegraph": "npm-shim.js"
      },
      "optionalDependencies": {
        "@colbymchenry/codegraph-darwin-arm64": "1.6.1",
        "@colbymchenry/codegraph-darwin-x64": "1.6.1",
        "@colbymchenry/codegraph-linux-arm64": "1.6.1",
        "@colbymchenry/codegraph-linux-x64": "1.6.1",
        "@colbymchenry/codegraph-win32-arm64": "1.6.1",
        "@colbymchenry/codegraph-win32-x64": "1.6.1"
      }
    },
    "node_modules/@colbymchenry/codegraph-darwin-arm64": {
      "version": "1.6.1",
      "resolved": "https://registry.npmjs.org/@colbymchenry/codegraph-darwin-arm64/-/codegraph-darwin-arm64-1.6.1.tgz",
      "integrity": "sha512-PCyaJg40RDjuZIH42IaMZfpSFC8Of8INzGCQI0CvIL2l5JD+89oBzTmeeqoJCJPCVYEmUg0ZX2RWdH6nTbM7kA==",
      "cpu": [
        "arm64"
      ],
      "license": "MIT",
      "optional": true,
      "os": [
        "darwin"
      ]
    },
    "node_modules/@colbymchenry/codegraph-darwin-x64": {
      "version": "1.6.1",
      "resolved": "https://registry.npmjs.org/@colbymchenry/codegraph-darwin-x64/-/codegraph-darwin-x64-1.6.1.tgz",
      "integrity": "sha512-G+WMLhf67ocEKB9WF4W2DGOF/jkRfVDAgXMCvMCFvB9hI+A0lpZ2rUVSm58FQDq8NfX+V7KnTt17uymRlQbiOw==",
      "cpu": [
        "x64"
      ],
      "license": "MIT",
      "optional": true,
      "os": [
        "darwin"
      ]
    },
    "node_modules/@colbymchenry/codegraph-linux-arm64": {
      "version": "1.6.1",
      "resolved": "https://registry.npmjs.org/@colbymchenry/codegraph-linux-arm64/-/codegraph-linux-arm64-1.6.1.tgz",
      "integrity": "sha512-6/SAflhcucR+H3V7FlUKcCRxl4VzRkK9D+Z9GjWHw8E3Bs03Ssbfm6Wps7xR+EQ8h4UO4DMeXsPAsLWn4IbeTQ==",
      "cpu": [
        "arm64"
      ],
      "license": "MIT",
      "optional": true,
      "os": [
        "linux"
      ]
    },
    "node_modules/@colbymchenry/codegraph-linux-x64": {
      "version": "1.6.1",
      "resolved": "https://registry.npmjs.org/@colbymchenry/codegraph-linux-x64/-/codegraph-linux-x64-1.6.1.tgz",
      "integrity": "sha512-ekkXHFI71jtFzKxJiWVhu+St7S+lh4B9KZdMFzIyBeqyOwtTqdum/ivUQyJo7zwWAuf7VFykVBQairJLKieDQg==",
      "cpu": [
        "x64"
      ],
      "license": "MIT",
      "optional": true,
      "os": [
        "linux"
      ]
    },
    "node_modules/@colbymchenry/codegraph-win32-arm64": {
      "version": "1.6.1",
      "resolved": "https://registry.npmjs.org/@colbymchenry/codegraph-win32-arm64/-/codegraph-win32-arm64-1.6.1.tgz",
      "integrity": "sha512-FuGOkKtd3EjqHaW/W27hf8oXp+psHVQkzWj0iqzUPjn+VNfvv4t00an60UVtBKv6OlozK2QKbCdED4k7WZ7FhQ==",
      "cpu": [
        "arm64"
      ],
      "license": "MIT",
      "optional": true,
      "os": [
        "win32"
      ]
    },
    "node_modules/@colbymchenry/codegraph-win32-x64": {
      "version": "1.6.1",
      "resolved": "https://registry.npmjs.org/@colbymchenry/codegraph-win32-x64/-/codegraph-win32-x64-1.6.1.tgz",
      "integrity": "sha512-qUcpAR32HgKMcrkZAOAXwY6vCV9TztF1YE61/SGC6TRNqPkJGHMD22yNe2VmrCmSmPNf0/aQIWS/BKGJ3ZFDPA==",
      "cpu": [
        "x64"
      ],
      "license": "MIT",
      "optional": true,
      "os": [
        "win32"
      ]
    }
  }
}
